// !$*UTF8*$!
{
	archiveVersion = 1;
	classes = {
	};
	objectVersion = 46;
	objects = {

/* Begin PBXBuildFile section */
		609793601EC4470800822EAB /* AppDelegate.swift in Sources */ = {isa = PBXBuildFile; fileRef = 6097935F1EC4470800822EAB /* AppDelegate.swift */; };
		609793621EC4470800822EAB /* ViewController.swift in Sources */ = {isa = PBXBuildFile; fileRef = 609793611EC4470800822EAB /* ViewController.swift */; };
		609793651EC4470800822EAB /* Main.storyboard in Resources */ = {isa = PBXBuildFile; fileRef = 609793631EC4470800822EAB /* Main.storyboard */; };
		609793671EC4470800822EAB /* Assets.xcassets in Resources */ = {isa = PBXBuildFile; fileRef = 609793661EC4470800822EAB /* Assets.xcassets */; };
		6097936A1EC4470800822EAB /* LaunchScreen.storyboard in Resources */ = {isa = PBXBuildFile; fileRef = 609793681EC4470800822EAB /* LaunchScreen.storyboard */; };
		8CDC79556455214C46EDE9CA /* Pods_UsingMaterials.framework in Frameworks */ = {isa = PBXBuildFile; fileRef = 834073FC455C0FCC131C38DE /* Pods_UsingMaterials.framework */; };
/* End PBXBuildFile section */

/* Begin PBXFileReference section */
		4FDA76FCAE645A14CFDEEC87 /* Pods-UsingMaterials.debug.xcconfig */ = {isa = PBXFileReference; includeInIndex = 1; lastKnownFileType = text.xcconfig; name = "Pods-UsingMaterials.debug.xcconfig"; path = "Pods/Target Support Files/Pods-UsingMaterials/Pods-UsingMaterials.debug.xcconfig"; sourceTree = "<group>"; };
		6097935C1EC4470800822EAB /* UsingMaterials.app */ = {isa = PBXFileReference; explicitFileType = wrapper.application; includeInIndex = 0; path = UsingMaterials.app; sourceTree = BUILT_PRODUCTS_DIR; };
		6097935F1EC4470800822EAB /* AppDelegate.swift */ = {isa = PBXFileReference; lastKnownFileType = sourcecode.swift; path = AppDelegate.swift; sourceTree = "<group>"; };
		609793611EC4470800822EAB /* ViewController.swift */ = {isa = PBXFileReference; lastKnownFileType = sourcecode.swift; path = ViewController.swift; sourceTree = "<group>"; };
		609793641EC4470800822EAB /* Base */ = {isa = PBXFileReference; lastKnownFileType = file.storyboard; name = Base; path = Base.lproj/Main.storyboard; sourceTree = "<group>"; };
		609793661EC4470800822EAB /* Assets.xcassets */ = {isa = PBXFileReference; lastKnownFileType = folder.assetcatalog; path = Assets.xcassets; sourceTree = "<group>"; };
		609793691EC4470800822EAB /* Base */ = {isa = PBXFileReference; lastKnownFileType = file.storyboard; name = Base; path = Base.lproj/LaunchScreen.storyboard; sourceTree = "<group>"; };
		6097936B1EC4470800822EAB /* Info.plist */ = {isa = PBXFileReference; lastKnownFileType = text.plist.xml; path = Info.plist; sourceTree = "<group>"; };
		834073FC455C0FCC131C38DE /* Pods_UsingMaterials.framework */ = {isa = PBXFileReference; explicitFileType = wrapper.framework; includeInIndex = 0; path = Pods_UsingMaterials.framework; sourceTree = BUILT_PRODUCTS_DIR; };
		A40A83C48A1F849CD210A721 /* Pods-UsingMaterials.release.xcconfig */ = {isa = PBXFileReference; includeInIndex = 1; lastKnownFileType = text.xcconfig; name = "Pods-UsingMaterials.release.xcconfig"; path = "Pods/Target Support Files/Pods-UsingMaterials/Pods-UsingMaterials.release.xcconfig"; sourceTree = "<group>"; };
/* End PBXFileReference section */

/* Begin PBXFrameworksBuildPhase section */
		609793591EC4470800822EAB /* Frameworks */ = {
			isa = PBXFrameworksBuildPhase;
			buildActionMask = 2147483647;
			files = (
				8CDC79556455214C46EDE9CA /* Pods_UsingMaterials.framework in Frameworks */,
			);
			runOnlyForDeploymentPostprocessing = 0;
		};
/* End PBXFrameworksBuildPhase section */

/* Begin PBXGroup section */
		609793531EC4470800822EAB = {
			isa = PBXGroup;
			children = (
				6097935E1EC4470800822EAB /* UsingMaterials */,
				6097935D1EC4470800822EAB /* Products */,
				AB91F3E70A6BC192B02FB6FB /* Pods */,
				C54E21F4807F95C19A8AEFFE /* Frameworks */,
			);
			sourceTree = "<group>";
		};
		6097935D1EC4470800822EAB /* Products */ = {
			isa = PBXGroup;
			children = (
				6097935C1EC4470800822EAB /* UsingMaterials.app */,
			);
			name = Products;
			sourceTree = "<group>";
		};
		6097935E1EC4470800822EAB /* UsingMaterials */ = {
			isa = PBXGroup;
			children = (
				6097935F1EC4470800822EAB /* AppDelegate.swift */,
				609793611EC4470800822EAB /* ViewController.swift */,
				609793631EC4470800822EAB /* Main.storyboard */,
				609793661EC4470800822EAB /* Assets.xcassets */,
				609793681EC4470800822EAB /* LaunchScreen.storyboard */,
				6097936B1EC4470800822EAB /* Info.plist */,
			);
			path = UsingMaterials;
			sourceTree = "<group>";
		};
		AB91F3E70A6BC192B02FB6FB /* Pods */ = {
			isa = PBXGroup;
			children = (
				4FDA76FCAE645A14CFDEEC87 /* Pods-UsingMaterials.debug.xcconfig */,
				A40A83C48A1F849CD210A721 /* Pods-UsingMaterials.release.xcconfig */,
			);
			name = Pods;
			sourceTree = "<group>";
		};
		C54E21F4807F95C19A8AEFFE /* Frameworks */ = {
			isa = PBXGroup;
			children = (
				834073FC455C0FCC131C38DE /* Pods_UsingMaterials.framework */,
			);
			name = Frameworks;
			sourceTree = "<group>";
		};
/* End PBXGroup section */

/* Begin PBXNativeTarget section */
		6097935B1EC4470800822EAB /* UsingMaterials */ = {
			isa = PBXNativeTarget;
			buildConfigurationList = 6097936E1EC4470800822EAB /* Build configuration list for PBXNativeTarget "UsingMaterials" */;
			buildPhases = (
				864339F50E568CD02086DD3A /* [CP] Check Pods Manifest.lock */,
				609793581EC4470800822EAB /* Sources */,
				609793591EC4470800822EAB /* Frameworks */,
				6097935A1EC4470800822EAB /* Resources */,
				B8D35CDFF9B0F728B3B0BE6E /* [CP] Embed Pods Frameworks */,
				963F976B2D7F22C363FE9B57 /* [CP] Copy Pods Resources */,
			);
			buildRules = (
			);
			dependencies = (
			);
			name = UsingMaterials;
			productName = UsingMaterials;
			productReference = 6097935C1EC4470800822EAB /* UsingMaterials.app */;
			productType = "com.apple.product-type.application";
		};
/* End PBXNativeTarget section */

/* Begin PBXProject section */
		609793541EC4470800822EAB /* Project object */ = {
			isa = PBXProject;
			attributes = {
				LastSwiftUpdateCheck = 0830;
				LastUpgradeCheck = 0830;
				ORGANIZATIONNAME = yasin;
				TargetAttributes = {
					6097935B1EC4470800822EAB = {
						CreatedOnToolsVersion = 8.3.2;
						DevelopmentTeam = 5A93CJJ2Z5;
						ProvisioningStyle = Automatic;
					};
				};
			};
			buildConfigurationList = 609793571EC4470800822EAB /* Build configuration list for PBXProject "UsingMaterials" */;
			compatibilityVersion = "Xcode 3.2";
			developmentRegion = English;
			hasScannedForEncodings = 0;
			knownRegions = (
				en,
				Base,
			);
			mainGroup = 609793531EC4470800822EAB;
			productRefGroup = 6097935D1EC4470800822EAB /* Products */;
			projectDirPath = "";
			projectRoot = "";
			targets = (
				6097935B1EC4470800822EAB /* UsingMaterials */,
			);
		};
/* End PBXProject section */

/* Begin PBXResourcesBuildPhase section */
		6097935A1EC4470800822EAB /* Resources */ = {
			isa = PBXResourcesBuildPhase;
			buildActionMask = 2147483647;
			files = (
				6097936A1EC4470800822EAB /* LaunchScreen.storyboard in Resources */,
				609793671EC4470800822EAB /* Assets.xcassets in Resources */,
				609793651EC4470800822EAB /* Main.storyboard in Resources */,
			);
			runOnlyForDeploymentPostprocessing = 0;
		};
/* End PBXResourcesBuildPhase section */

/* Begin PBXShellScriptBuildPhase section */
		864339F50E568CD02086DD3A /* [CP] Check Pods Manifest.lock */ = {
			isa = PBXShellScriptBuildPhase;
			buildActionMask = 2147483647;
			files = (
			);
			inputPaths = (
			);
			name = "[CP] Check Pods Manifest.lock";
			outputPaths = (
			);
			runOnlyForDeploymentPostprocessing = 0;
			shellPath = /bin/sh;
			shellScript = "diff \"${PODS_PODFILE_DIR_PATH}/Podfile.lock\" \"${PODS_ROOT}/Manifest.lock\" > /dev/null\nif [ $? != 0 ] ; then\n    # print error to STDERR\n    echo \"error: The sandbox is not in sync with the Podfile.lock. Run 'pod install' or update your CocoaPods installation.\" >&2\n    exit 1\nfi\n";
			showEnvVarsInLog = 0;
		};
		963F976B2D7F22C363FE9B57 /* [CP] Copy Pods Resources */ = {
			isa = PBXShellScriptBuildPhase;
			buildActionMask = 2147483647;
			files = (
			);
			inputPaths = (
			);
			name = "[CP] Copy Pods Resources";
			outputPaths = (
			);
			runOnlyForDeploymentPostprocessing = 0;
			shellPath = /bin/sh;
			shellScript = "\"${SRCROOT}/Pods/Target Support Files/Pods-UsingMaterials/Pods-UsingMaterials-resources.sh\"\n";
			showEnvVarsInLog = 0;
		};
		B8D35CDFF9B0F728B3B0BE6E /* [CP] Embed Pods Frameworks */ = {
			isa = PBXShellScriptBuildPhase;
			buildActionMask = 2147483647;
			files = (
			);
			inputPaths = (
			);
			name = "[CP] Embed Pods Frameworks";
			outputPaths = (
			);
			runOnlyForDeploymentPostprocessing = 0;
			shellPath = /bin/sh;
			shellScript = "\"${SRCROOT}/Pods/Target Support Files/Pods-UsingMaterials/Pods-UsingMaterials-frameworks.sh\"\n";
			showEnvVarsInLog = 0;
		};
/* End PBXShellScriptBuildPhase section */

/* Begin PBXSourcesBuildPhase section */
		609793581EC4470800822EAB /* Sources */ = {
			isa = PBXSourcesBuildPhase;
			buildActionMask = 2147483647;
			files = (
				609793621EC4470800822EAB /* ViewController.swift in Sources */,
				609793601EC4470800822EAB /* AppDelegate.swift in Sources */,
			);
			runOnlyForDeploymentPostprocessing = 0;
		};
/* End PBXSourcesBuildPhase section */

/* Begin PBXVariantGroup section */
		609793631EC4470800822EAB /* Main.storyboard */ = {
			isa = PBXVariantGroup;
			children = (
				609793641EC4470800822EAB /* Base */,
			);
			name = Main.storyboard;
			sourceTree = "<group>";
		};
		609793681EC4470800822EAB /* LaunchScreen.storyboard */ = {
			isa = PBXVariantGroup;
			children = (
				609793691EC4470800822EAB /* Base */,
			);
			name = LaunchScreen.storyboard;
			sourceTree = "<group>";
		};
/* End PBXVariantGroup section */

/* Begin XCBuildConfiguration section */
		6097936C1EC4470800822EAB /* Debug */ = {
			isa = XCBuildConfiguration;
			buildSettings = {
				ALWAYS_SEARCH_USER_PATHS = NO;
				CLANG_ANALYZER_NONNULL = YES;
				CLANG_ANALYZER_NUMBER_OBJECT_CONVERSION = YES_AGGRESSIVE;
				CLANG_CXX_LANGUAGE_STANDARD = "gnu++0x";
				CLANG_CXX_LIBRARY = "libc++";
				CLANG_ENABLE_MODULES = YES;
				CLANG_ENABLE_OBJC_ARC = YES;
				CLANG_WARN_BOOL_CONVERSION = YES;
				CLANG_WARN_CONSTANT_CONVERSION = YES;
				CLANG_WARN_DIRECT_OBJC_ISA_USAGE = YES_ERROR;
				CLANG_WARN_DOCUMENTATION_COMMENTS = YES;
				CLANG_WARN_EMPTY_BODY = YES;
				CLANG_WARN_ENUM_CONVERSION = YES;
				CLANG_WARN_INFINITE_RECURSION = YES;
				CLANG_WARN_INT_CONVERSION = YES;
				CLANG_WARN_OBJC_ROOT_CLASS = YES_ERROR;
				CLANG_WARN_SUSPICIOUS_MOVE = YES;
				CLANG_WARN_UNREACHABLE_CODE = YES;
				CLANG_WARN__DUPLICATE_METHOD_MATCH = YES;
				"CODE_SIGN_IDENTITY[sdk=iphoneos*]" = "iPhone Developer";
				COPY_PHASE_STRIP = NO;
				DEBUG_INFORMATION_FORMAT = dwarf;
				ENABLE_STRICT_OBJC_MSGSEND = YES;
				ENABLE_TESTABILITY = YES;
				GCC_C_LANGUAGE_STANDARD = gnu99;
				GCC_DYNAMIC_NO_PIC = NO;
				GCC_NO_COMMON_BLOCKS = YES;
				GCC_OPTIMIZATION_LEVEL = 0;
				GCC_PREPROCESSOR_DEFINITIONS = (
					"DEBUG=1",
					"$(inherited)",
				);
				GCC_WARN_64_TO_32_BIT_CONVERSION = YES;
				GCC_WARN_ABOUT_RETURN_TYPE = YES_ERROR;
				GCC_WARN_UNDECLARED_SELECTOR = YES;
				GCC_WARN_UNINITIALIZED_AUTOS = YES_AGGRESSIVE;
				GCC_WARN_UNUSED_FUNCTION = YES;
				GCC_WARN_UNUSED_VARIABLE = YES;
				IPHONEOS_DEPLOYMENT_TARGET = 10.3;
				MTL_ENABLE_DEBUG_INFO = YES;
				ONLY_ACTIVE_ARCH = YES;
				SDKROOT = iphoneos;
				SWIFT_ACTIVE_COMPILATION_CONDITIONS = DEBUG;
				SWIFT_OPTIMIZATION_LEVEL = "-Onone";
				TARGETED_DEVICE_FAMILY = "1,2";
			};
			name = Debug;
		};
		6097936D1EC4470800822EAB /* Release */ = {
			isa = XCBuildConfiguration;
			buildSettings = {
				ALWAYS_SEARCH_USER_PATHS = NO;
				CLANG_ANALYZER_NONNULL = YES;
				CLANG_ANALYZER_NUMBER_OBJECT_CONVERSION = YES_AGGRESSIVE;
				CLANG_CXX_LANGUAGE_STANDARD = "gnu++0x";
				CLANG_CXX_LIBRARY = "libc++";
				CLANG_ENABLE_MODULES = YES;
				CLANG_ENABLE_OBJC_ARC = YES;
				CLANG_WARN_BOOL_CONVERSION = YES;
				CLANG_WARN_CONSTANT_CONVERSION = YES;
				CLANG_WARN_DIRECT_OBJC_ISA_USAGE = YES_ERROR;
				CLANG_WARN_DOCUMENTATION_COMMENTS = YES;
				CLANG_WARN_EMPTY_BODY = YES;
				CLANG_WARN_ENUM_CONVERSION = YES;
				CLANG_WARN_INFINITE_RECURSION = YES;
				CLANG_WARN_INT_CONVERSION = YES;
				CLANG_WARN_OBJC_ROOT_CLASS = YES_ERROR;
				CLANG_WARN_SUSPICIOUS_MOVE = YES;
				CLANG_WARN_UNREACHABLE_CODE = YES;
				CLANG_WARN__DUPLICATE_METHOD_MATCH = YES;
				"CODE_SIGN_IDENTITY[sdk=iphoneos*]" = "iPhone Developer";
				COPY_PHASE_STRIP = NO;
				DEBUG_INFORMATION_FORMAT = "dwarf-with-dsym";
				ENABLE_NS_ASSERTIONS = NO;
				ENABLE_STRICT_OBJC_MSGSEND = YES;
				GCC_C_LANGUAGE_STANDARD = gnu99;
				GCC_NO_COMMON_BLOCKS = YES;
				GCC_WARN_64_TO_32_BIT_CONVERSION = YES;
				GCC_WARN_ABOUT_RETURN_TYPE = YES_ERROR;
				GCC_WARN_UNDECLARED_SELECTOR = YES;
				GCC_WARN_UNINITIALIZED_AUTOS = YES_AGGRESSIVE;
				GCC_WARN_UNUSED_FUNCTION = YES;
				GCC_WARN_UNUSED_VARIABLE = YES;
				IPHONEOS_DEPLOYMENT_TARGET = 10.3;
				MTL_ENABLE_DEBUG_INFO = NO;
				SDKROOT = iphoneos;
				SWIFT_OPTIMIZATION_LEVEL = "-Owholemodule";
				TARGETED_DEVICE_FAMILY = "1,2";
				VALIDATE_PRODUCT = YES;
			};
			name = Release;
		};
		6097936F1EC4470800822EAB /* Debug */ = {
			isa = XCBuildConfiguration;
			baseConfigurationReference = 4FDA76FCAE645A14CFDEEC87 /* Pods-UsingMaterials.debug.xcconfig */;
			buildSettings = {
				ASSETCATALOG_COMPILER_APPICON_NAME = AppIcon;
				DEVELOPMENT_TEAM = 5A93CJJ2Z5;
				INFOPLIST_FILE = UsingMaterials/Info.plist;
				LD_RUNPATH_SEARCH_PATHS = "$(inherited) @executable_path/Frameworks";
				PRODUCT_BUNDLE_IDENTIFIER = com.material.UsingMaterials;
				PRODUCT_NAME = "$(TARGET_NAME)";
				SWIFT_VERSION = 3.0;
			};
			name = Debug;
		};
		609793701EC4470800822EAB /* Release */ = {
			isa = XCBuildConfiguration;
			baseConfigurationReference = A40A83C48A1F849CD210A721 /* Pods-UsingMaterials.release.xcconfig */;
			buildSettings = {
				ASSETCATALOG_COMPILER_APPICON_NAME = AppIcon;
				DEVELOPMENT_TEAM = 5A93CJJ2Z5;
				INFOPLIST_FILE = UsingMaterials/Info.plist;
				LD_RUNPATH_SEARCH_PATHS = "$(inherited) @executable_path/Frameworks";
				PRODUCT_BUNDLE_IDENTIFIER = com.material.UsingMaterials;
				PRODUCT_NAME = "$(TARGET_NAME)";
				SWIFT_VERSION = 3.0;
			};
			name = Release;
		};
/* End XCBuildConfiguration section */

/* Begin XCConfigurationList section */
		609793571EC4470800822EAB /* Build configuration list for PBXProject "UsingMaterials" */ = {
			isa = XCConfigurationList;
			buildConfigurations = (
				6097936C1EC4470800822EAB /* Debug */,
				6097936D1EC4470800822EAB /* Release */,
			);
			defaultConfigurationIsVisible = 0;
			defaultConfigurationName = Release;
		};
		6097936E1EC4470800822EAB /* Build configuration list for PBXNativeTarget "UsingMaterials" */ = {
			isa = XCConfigurationList;
			buildConfigurations = (
				6097936F1EC4470800822EAB /* Debug */,
				609793701EC4470800822EAB /* Release */,
			);
			defaultConfigurationIsVisible = 0;
		};
/* End XCConfigurationList section */
	};
	rootObject = 609793541EC4470800822EAB /* Project object */;
}
