// !$*UTF8*$!
{
	archiveVersion = 1;
	classes = {
	};
	objectVersion = 46;
	objects = {

/* Begin PBXBuildFile section */
		0E39A77DC50A9787F8CAF959 /* Pods_TextEffect.framework in Frameworks */ = {isa = PBXBuildFile; fileRef = 3AF950D8291354113D1BCC8D /* Pods_TextEffect.framework */; };
		60DEB4DF1EC2F88A0017A2D7 /* AppDelegate.swift in Sources */ = {isa = PBXBuildFile; fileRef = 60DEB4DE1EC2F88A0017A2D7 /* AppDelegate.swift */; };
		60DEB4E11EC2F88A0017A2D7 /* ViewController.swift in Sources */ = {isa = PBXBuildFile; fileRef = 60DEB4E01EC2F88A0017A2D7 /* ViewController.swift */; };
		60DEB4E41EC2F88A0017A2D7 /* Main.storyboard in Resources */ = {isa = PBXBuildFile; fileRef = 60DEB4E21EC2F88A0017A2D7 /* Main.storyboard */; };
		60DEB4E61EC2F88A0017A2D7 /* Assets.xcassets in Resources */ = {isa = PBXBuildFile; fileRef = 60DEB4E51EC2F88A0017A2D7 /* Assets.xcassets */; };
		60DEB4E91EC2F88A0017A2D7 /* LaunchScreen.storyboard in Resources */ = {isa = PBXBuildFile; fileRef = 60DEB4E71EC2F88A0017A2D7 /* LaunchScreen.storyboard */; };
/* End PBXBuildFile section */

/* Begin PBXFileReference section */
		2B8502D1F0B57BCF522066BD /* Pods-TextEffect.debug.xcconfig */ = {isa = PBXFileReference; includeInIndex = 1; lastKnownFileType = text.xcconfig; name = "Pods-TextEffect.debug.xcconfig"; path = "Pods/Target Support Files/Pods-TextEffect/Pods-TextEffect.debug.xcconfig"; sourceTree = "<group>"; };
		3AF950D8291354113D1BCC8D /* Pods_TextEffect.framework */ = {isa = PBXFileReference; explicitFileType = wrapper.framework; includeInIndex = 0; path = Pods_TextEffect.framework; sourceTree = BUILT_PRODUCTS_DIR; };
		60DEB4DB1EC2F88A0017A2D7 /* TextEffect.app */ = {isa = PBXFileReference; explicitFileType = wrapper.application; includeInIndex = 0; path = TextEffect.app; sourceTree = BUILT_PRODUCTS_DIR; };
		60DEB4DE1EC2F88A0017A2D7 /* AppDelegate.swift */ = {isa = PBXFileReference; lastKnownFileType = sourcecode.swift; path = AppDelegate.swift; sourceTree = "<group>"; };
		60DEB4E01EC2F88A0017A2D7 /* ViewController.swift */ = {isa = PBXFileReference; lastKnownFileType = sourcecode.swift; path = ViewController.swift; sourceTree = "<group>"; };
		60DEB4E31EC2F88A0017A2D7 /* Base */ = {isa = PBXFileReference; lastKnownFileType = file.storyboard; name = Base; path = Base.lproj/Main.storyboard; sourceTree = "<group>"; };
		60DEB4E51EC2F88A0017A2D7 /* Assets.xcassets */ = {isa = PBXFileReference; lastKnownFileType = folder.assetcatalog; path = Assets.xcassets; sourceTree = "<group>"; };
		60DEB4E81EC2F88A0017A2D7 /* Base */ = {isa = PBXFileReference; lastKnownFileType = file.storyboard; name = Base; path = Base.lproj/LaunchScreen.storyboard; sourceTree = "<group>"; };
		60DEB4EA1EC2F88A0017A2D7 /* Info.plist */ = {isa = PBXFileReference; lastKnownFileType = text.plist.xml; path = Info.plist; sourceTree = "<group>"; };
		DE915CFCF9172FB9D30DF63F /* Pods-TextEffect.release.xcconfig */ = {isa = PBXFileReference; includeInIndex = 1; lastKnownFileType = text.xcconfig; name = "Pods-TextEffect.release.xcconfig"; path = "Pods/Target Support Files/Pods-TextEffect/Pods-TextEffect.release.xcconfig"; sourceTree = "<group>"; };
/* End PBXFileReference section */

/* Begin PBXFrameworksBuildPhase section */
		60DEB4D81EC2F88A0017A2D7 /* Frameworks */ = {
			isa = PBXFrameworksBuildPhase;
			buildActionMask = 2147483647;
			files = (
				0E39A77DC50A9787F8CAF959 /* Pods_TextEffect.framework in Frameworks */,
			);
			runOnlyForDeploymentPostprocessing = 0;
		};
/* End PBXFrameworksBuildPhase section */

/* Begin PBXGroup section */
		0862DF6B84BCDFCF864C6929 /* Frameworks */ = {
			isa = PBXGroup;
			children = (
				3AF950D8291354113D1BCC8D /* Pods_TextEffect.framework */,
			);
			name = Frameworks;
			sourceTree = "<group>";
		};
		50947EB3428AD8F8EAA7920C /* Pods */ = {
			isa = PBXGroup;
			children = (
				2B8502D1F0B57BCF522066BD /* Pods-TextEffect.debug.xcconfig */,
				DE915CFCF9172FB9D30DF63F /* Pods-TextEffect.release.xcconfig */,
			);
			name = Pods;
			sourceTree = "<group>";
		};
		60DEB4D21EC2F88A0017A2D7 = {
			isa = PBXGroup;
			children = (
				60DEB4DD1EC2F88A0017A2D7 /* TextEffect */,
				60DEB4DC1EC2F88A0017A2D7 /* Products */,
				50947EB3428AD8F8EAA7920C /* Pods */,
				0862DF6B84BCDFCF864C6929 /* Frameworks */,
			);
			sourceTree = "<group>";
		};
		60DEB4DC1EC2F88A0017A2D7 /* Products */ = {
			isa = PBXGroup;
			children = (
				60DEB4DB1EC2F88A0017A2D7 /* TextEffect.app */,
			);
			name = Products;
			sourceTree = "<group>";
		};
		60DEB4DD1EC2F88A0017A2D7 /* TextEffect */ = {
			isa = PBXGroup;
			children = (
				60DEB4DE1EC2F88A0017A2D7 /* AppDelegate.swift */,
				60DEB4E01EC2F88A0017A2D7 /* ViewController.swift */,
				60DEB4E21EC2F88A0017A2D7 /* Main.storyboard */,
				60DEB4E51EC2F88A0017A2D7 /* Assets.xcassets */,
				60DEB4E71EC2F88A0017A2D7 /* LaunchScreen.storyboard */,
				60DEB4EA1EC2F88A0017A2D7 /* Info.plist */,
			);
			path = TextEffect;
			sourceTree = "<group>";
		};
/* End PBXGroup section */

/* Begin PBXNativeTarget section */
		60DEB4DA1EC2F88A0017A2D7 /* TextEffect */ = {
			isa = PBXNativeTarget;
			buildConfigurationList = 60DEB4ED1EC2F88A0017A2D7 /* Build configuration list for PBXNativeTarget "TextEffect" */;
			buildPhases = (
				68A1558238EDA9E4A7990FAF /* [CP] Check Pods Manifest.lock */,
				60DEB4D71EC2F88A0017A2D7 /* Sources */,
				60DEB4D81EC2F88A0017A2D7 /* Frameworks */,
				60DEB4D91EC2F88A0017A2D7 /* Resources */,
				6DE879B4B4582E1BB9BA445B /* [CP] Embed Pods Frameworks */,
				AEEC5FACD220941EA9B2F140 /* [CP] Copy Pods Resources */,
			);
			buildRules = (
			);
			dependencies = (
			);
			name = TextEffect;
			productName = TextEffect;
			productReference = 60DEB4DB1EC2F88A0017A2D7 /* TextEffect.app */;
			productType = "com.apple.product-type.application";
		};
/* End PBXNativeTarget section */

/* Begin PBXProject section */
		60DEB4D31EC2F88A0017A2D7 /* Project object */ = {
			isa = PBXProject;
			attributes = {
				LastSwiftUpdateCheck = 0830;
				LastUpgradeCheck = 0830;
				ORGANIZATIONNAME = com.TextEffect;
				TargetAttributes = {
					60DEB4DA1EC2F88A0017A2D7 = {
						CreatedOnToolsVersion = 8.3.2;
						DevelopmentTeam = 5A93CJJ2Z5;
						ProvisioningStyle = Automatic;
					};
				};
			};
			buildConfigurationList = 60DEB4D61EC2F88A0017A2D7 /* Build configuration list for PBXProject "TextEffect" */;
			compatibilityVersion = "Xcode 3.2";
			developmentRegion = English;
			hasScannedForEncodings = 0;
			knownRegions = (
				en,
				Base,
			);
			mainGroup = 60DEB4D21EC2F88A0017A2D7;
			productRefGroup = 60DEB4DC1EC2F88A0017A2D7 /* Products */;
			projectDirPath = "";
			projectRoot = "";
			targets = (
				60DEB4DA1EC2F88A0017A2D7 /* TextEffect */,
			);
		};
/* End PBXProject section */

/* Begin PBXResourcesBuildPhase section */
		60DEB4D91EC2F88A0017A2D7 /* Resources */ = {
			isa = PBXResourcesBuildPhase;
			buildActionMask = 2147483647;
			files = (
				60DEB4E91EC2F88A0017A2D7 /* LaunchScreen.storyboard in Resources */,
				60DEB4E61EC2F88A0017A2D7 /* Assets.xcassets in Resources */,
				60DEB4E41EC2F88A0017A2D7 /* Main.storyboard in Resources */,
			);
			runOnlyForDeploymentPostprocessing = 0;
		};
/* End PBXResourcesBuildPhase section */

/* Begin PBXShellScriptBuildPhase section */
		68A1558238EDA9E4A7990FAF /* [CP] Check Pods Manifest.lock */ = {
			isa = PBXShellScriptBuildPhase;
			buildActionMask = 2147483647;
			files = (
			);
			inputPaths = (
			);
			name = "[CP] Check Pods Manifest.lock";
			outputPaths = (
			);
			runOnlyForDeploymentPostprocessing = 0;
			shellPath = /bin/sh;
			shellScript = "diff \"${PODS_PODFILE_DIR_PATH}/Podfile.lock\" \"${PODS_ROOT}/Manifest.lock\" > /dev/null\nif [ $? != 0 ] ; then\n    # print error to STDERR\n    echo \"error: The sandbox is not in sync with the Podfile.lock. Run 'pod install' or update your CocoaPods installation.\" >&2\n    exit 1\nfi\n";
			showEnvVarsInLog = 0;
		};
		6DE879B4B4582E1BB9BA445B /* [CP] Embed Pods Frameworks */ = {
			isa = PBXShellScriptBuildPhase;
			buildActionMask = 2147483647;
			files = (
			);
			inputPaths = (
			);
			name = "[CP] Embed Pods Frameworks";
			outputPaths = (
			);
			runOnlyForDeploymentPostprocessing = 0;
			shellPath = /bin/sh;
			shellScript = "\"${SRCROOT}/Pods/Target Support Files/Pods-TextEffect/Pods-TextEffect-frameworks.sh\"\n";
			showEnvVarsInLog = 0;
		};
		AEEC5FACD220941EA9B2F140 /* [CP] Copy Pods Resources */ = {
			isa = PBXShellScriptBuildPhase;
			buildActionMask = 2147483647;
			files = (
			);
			inputPaths = (
			);
			name = "[CP] Copy Pods Resources";
			outputPaths = (
			);
			runOnlyForDeploymentPostprocessing = 0;
			shellPath = /bin/sh;
			shellScript = "\"${SRCROOT}/Pods/Target Support Files/Pods-TextEffect/Pods-TextEffect-resources.sh\"\n";
			showEnvVarsInLog = 0;
		};
/* End PBXShellScriptBuildPhase section */

/* Begin PBXSourcesBuildPhase section */
		60DEB4D71EC2F88A0017A2D7 /* Sources */ = {
			isa = PBXSourcesBuildPhase;
			buildActionMask = 2147483647;
			files = (
				60DEB4E11EC2F88A0017A2D7 /* ViewController.swift in Sources */,
				60DEB4DF1EC2F88A0017A2D7 /* AppDelegate.swift in Sources */,
			);
			runOnlyForDeploymentPostprocessing = 0;
		};
/* End PBXSourcesBuildPhase section */

/* Begin PBXVariantGroup section */
		60DEB4E21EC2F88A0017A2D7 /* Main.storyboard */ = {
			isa = PBXVariantGroup;
			children = (
				60DEB4E31EC2F88A0017A2D7 /* Base */,
			);
			name = Main.storyboard;
			sourceTree = "<group>";
		};
		60DEB4E71EC2F88A0017A2D7 /* LaunchScreen.storyboard */ = {
			isa = PBXVariantGroup;
			children = (
				60DEB4E81EC2F88A0017A2D7 /* Base */,
			);
			name = LaunchScreen.storyboard;
			sourceTree = "<group>";
		};
/* End PBXVariantGroup section */

/* Begin XCBuildConfiguration section */
		60DEB4EB1EC2F88A0017A2D7 /* Debug */ = {
			isa = XCBuildConfiguration;
			buildSettings = {
				ALWAYS_SEARCH_USER_PATHS = NO;
				CLANG_ANALYZER_NONNULL = YES;
				CLANG_ANALYZER_NUMBER_OBJECT_CONVERSION = YES_AGGRESSIVE;
				CLANG_CXX_LANGUAGE_STANDARD = "gnu++0x";
				CLANG_CXX_LIBRARY = "libc++";
				CLANG_ENABLE_MODULES = YES;
				CLANG_ENABLE_OBJC_ARC = YES;
				CLANG_WARN_BOOL_CONVERSION = YES;
				CLANG_WARN_CONSTANT_CONVERSION = YES;
				CLANG_WARN_DIRECT_OBJC_ISA_USAGE = YES_ERROR;
				CLANG_WARN_DOCUMENTATION_COMMENTS = YES;
				CLANG_WARN_EMPTY_BODY = YES;
				CLANG_WARN_ENUM_CONVERSION = YES;
				CLANG_WARN_INFINITE_RECURSION = YES;
				CLANG_WARN_INT_CONVERSION = YES;
				CLANG_WARN_OBJC_ROOT_CLASS = YES_ERROR;
				CLANG_WARN_SUSPICIOUS_MOVE = YES;
				CLANG_WARN_UNREACHABLE_CODE = YES;
				CLANG_WARN__DUPLICATE_METHOD_MATCH = YES;
				"CODE_SIGN_IDENTITY[sdk=iphoneos*]" = "iPhone Developer";
				COPY_PHASE_STRIP = NO;
				DEBUG_INFORMATION_FORMAT = dwarf;
				ENABLE_STRICT_OBJC_MSGSEND = YES;
				ENABLE_TESTABILITY = YES;
				GCC_C_LANGUAGE_STANDARD = gnu99;
				GCC_DYNAMIC_NO_PIC = NO;
				GCC_NO_COMMON_BLOCKS = YES;
				GCC_OPTIMIZATION_LEVEL = 0;
				GCC_PREPROCESSOR_DEFINITIONS = (
					"DEBUG=1",
					"$(inherited)",
				);
				GCC_WARN_64_TO_32_BIT_CONVERSION = YES;
				GCC_WARN_ABOUT_RETURN_TYPE = YES_ERROR;
				GCC_WARN_UNDECLARED_SELECTOR = YES;
				GCC_WARN_UNINITIALIZED_AUTOS = YES_AGGRESSIVE;
				GCC_WARN_UNUSED_FUNCTION = YES;
				GCC_WARN_UNUSED_VARIABLE = YES;
				IPHONEOS_DEPLOYMENT_TARGET = 10.3;
				MTL_ENABLE_DEBUG_INFO = YES;
				ONLY_ACTIVE_ARCH = YES;
				SDKROOT = iphoneos;
				SWIFT_ACTIVE_COMPILATION_CONDITIONS = DEBUG;
				SWIFT_OPTIMIZATION_LEVEL = "-Onone";
				TARGETED_DEVICE_FAMILY = "1,2";
			};
			name = Debug;
		};
		60DEB4EC1EC2F88A0017A2D7 /* Release */ = {
			isa = XCBuildConfiguration;
			buildSettings = {
				ALWAYS_SEARCH_USER_PATHS = NO;
				CLANG_ANALYZER_NONNULL = YES;
				CLANG_ANALYZER_NUMBER_OBJECT_CONVERSION = YES_AGGRESSIVE;
				CLANG_CXX_LANGUAGE_STANDARD = "gnu++0x";
				CLANG_CXX_LIBRARY = "libc++";
				CLANG_ENABLE_MODULES = YES;
				CLANG_ENABLE_OBJC_ARC = YES;
				CLANG_WARN_BOOL_CONVERSION = YES;
				CLANG_WARN_CONSTANT_CONVERSION = YES;
				CLANG_WARN_DIRECT_OBJC_ISA_USAGE = YES_ERROR;
				CLANG_WARN_DOCUMENTATION_COMMENTS = YES;
				CLANG_WARN_EMPTY_BODY = YES;
				CLANG_WARN_ENUM_CONVERSION = YES;
				CLANG_WARN_INFINITE_RECURSION = YES;
				CLANG_WARN_INT_CONVERSION = YES;
				CLANG_WARN_OBJC_ROOT_CLASS = YES_ERROR;
				CLANG_WARN_SUSPICIOUS_MOVE = YES;
				CLANG_WARN_UNREACHABLE_CODE = YES;
				CLANG_WARN__DUPLICATE_METHOD_MATCH = YES;
				"CODE_SIGN_IDENTITY[sdk=iphoneos*]" = "iPhone Developer";
				COPY_PHASE_STRIP = NO;
				DEBUG_INFORMATION_FORMAT = "dwarf-with-dsym";
				ENABLE_NS_ASSERTIONS = NO;
				ENABLE_STRICT_OBJC_MSGSEND = YES;
				GCC_C_LANGUAGE_STANDARD = gnu99;
				GCC_NO_COMMON_BLOCKS = YES;
				GCC_WARN_64_TO_32_BIT_CONVERSION = YES;
				GCC_WARN_ABOUT_RETURN_TYPE = YES_ERROR;
				GCC_WARN_UNDECLARED_SELECTOR = YES;
				GCC_WARN_UNINITIALIZED_AUTOS = YES_AGGRESSIVE;
				GCC_WARN_UNUSED_FUNCTION = YES;
				GCC_WARN_UNUSED_VARIABLE = YES;
				IPHONEOS_DEPLOYMENT_TARGET = 10.3;
				MTL_ENABLE_DEBUG_INFO = NO;
				SDKROOT = iphoneos;
				SWIFT_OPTIMIZATION_LEVEL = "-Owholemodule";
				TARGETED_DEVICE_FAMILY = "1,2";
				VALIDATE_PRODUCT = YES;
			};
			name = Release;
		};
		60DEB4EE1EC2F88A0017A2D7 /* Debug */ = {
			isa = XCBuildConfiguration;
			baseConfigurationReference = 2B8502D1F0B57BCF522066BD /* Pods-TextEffect.debug.xcconfig */;
			buildSettings = {
				ASSETCATALOG_COMPILER_APPICON_NAME = AppIcon;
				DEVELOPMENT_TEAM = 5A93CJJ2Z5;
				INFOPLIST_FILE = TextEffect/Info.plist;
				LD_RUNPATH_SEARCH_PATHS = "$(inherited) @executable_path/Frameworks";
				PRODUCT_BUNDLE_IDENTIFIER = tr.com.TextEffect.TextEffect;
				PRODUCT_NAME = "$(TARGET_NAME)";
				SWIFT_VERSION = 3.0;
			};
			name = Debug;
		};
		60DEB4EF1EC2F88A0017A2D7 /* Release */ = {
			isa = XCBuildConfiguration;
			baseConfigurationReference = DE915CFCF9172FB9D30DF63F /* Pods-TextEffect.release.xcconfig */;
			buildSettings = {
				ASSETCATALOG_COMPILER_APPICON_NAME = AppIcon;
				DEVELOPMENT_TEAM = 5A93CJJ2Z5;
				INFOPLIST_FILE = TextEffect/Info.plist;
				LD_RUNPATH_SEARCH_PATHS = "$(inherited) @executable_path/Frameworks";
				PRODUCT_BUNDLE_IDENTIFIER = tr.com.TextEffect.TextEffect;
				PRODUCT_NAME = "$(TARGET_NAME)";
				SWIFT_VERSION = 3.0;
			};
			name = Release;
		};
/* End XCBuildConfiguration section */

/* Begin XCConfigurationList section */
		60DEB4D61EC2F88A0017A2D7 /* Build configuration list for PBXProject "TextEffect" */ = {
			isa = XCConfigurationList;
			buildConfigurations = (
				60DEB4EB1EC2F88A0017A2D7 /* Debug */,
				60DEB4EC1EC2F88A0017A2D7 /* Release */,
			);
			defaultConfigurationIsVisible = 0;
			defaultConfigurationName = Release;
		};
		60DEB4ED1EC2F88A0017A2D7 /* Build configuration list for PBXNativeTarget "TextEffect" */ = {
			isa = XCConfigurationList;
			buildConfigurations = (
				60DEB4EE1EC2F88A0017A2D7 /* Debug */,
				60DEB4EF1EC2F88A0017A2D7 /* Release */,
			);
			defaultConfigurationIsVisible = 0;
		};
/* End XCConfigurationList section */
	};
	rootObject = 60DEB4D31EC2F88A0017A2D7 /* Project object */;
}
