// !$*UTF8*$!
{
	archiveVersion = 1;
	classes = {
	};
	objectVersion = 46;
	objects = {

/* Begin PBXBuildFile section */
		6097937E1EC4829300822EAB /* AppDelegate.swift in Sources */ = {isa = PBXBuildFile; fileRef = 6097937D1EC4829300822EAB /* AppDelegate.swift */; };
		609793801EC4829300822EAB /* ViewController.swift in Sources */ = {isa = PBXBuildFile; fileRef = 6097937F1EC4829300822EAB /* ViewController.swift */; };
		609793831EC4829300822EAB /* Main.storyboard in Resources */ = {isa = PBXBuildFile; fileRef = 609793811EC4829300822EAB /* Main.storyboard */; };
		609793851EC4829300822EAB /* Assets.xcassets in Resources */ = {isa = PBXBuildFile; fileRef = 609793841EC4829300822EAB /* Assets.xcassets */; };
		609793881EC4829300822EAB /* LaunchScreen.storyboard in Resources */ = {isa = PBXBuildFile; fileRef = 609793861EC4829300822EAB /* LaunchScreen.storyboard */; };
		EA9FF4531B6B65D6191E1290 /* Pods_CameraApplicationExamples.framework in Frameworks */ = {isa = PBXBuildFile; fileRef = C46A83C7109F9982BF9EA3ED /* Pods_CameraApplicationExamples.framework */; };
/* End PBXBuildFile section */

/* Begin PBXFileReference section */
		6097937A1EC4829300822EAB /* CameraApplicationExamples.app */ = {isa = PBXFileReference; explicitFileType = wrapper.application; includeInIndex = 0; path = CameraApplicationExamples.app; sourceTree = BUILT_PRODUCTS_DIR; };
		6097937D1EC4829300822EAB /* AppDelegate.swift */ = {isa = PBXFileReference; lastKnownFileType = sourcecode.swift; path = AppDelegate.swift; sourceTree = "<group>"; };
		6097937F1EC4829300822EAB /* ViewController.swift */ = {isa = PBXFileReference; lastKnownFileType = sourcecode.swift; path = ViewController.swift; sourceTree = "<group>"; };
		609793821EC4829300822EAB /* Base */ = {isa = PBXFileReference; lastKnownFileType = file.storyboard; name = Base; path = Base.lproj/Main.storyboard; sourceTree = "<group>"; };
		609793841EC4829300822EAB /* Assets.xcassets */ = {isa = PBXFileReference; lastKnownFileType = folder.assetcatalog; path = Assets.xcassets; sourceTree = "<group>"; };
		609793871EC4829300822EAB /* Base */ = {isa = PBXFileReference; lastKnownFileType = file.storyboard; name = Base; path = Base.lproj/LaunchScreen.storyboard; sourceTree = "<group>"; };
		609793891EC4829300822EAB /* Info.plist */ = {isa = PBXFileReference; lastKnownFileType = text.plist.xml; path = Info.plist; sourceTree = "<group>"; };
		75450B8CDD1DAA3174A93675 /* Pods-CameraApplicationExamples.release.xcconfig */ = {isa = PBXFileReference; includeInIndex = 1; lastKnownFileType = text.xcconfig; name = "Pods-CameraApplicationExamples.release.xcconfig"; path = "Pods/Target Support Files/Pods-CameraApplicationExamples/Pods-CameraApplicationExamples.release.xcconfig"; sourceTree = "<group>"; };
		845822DC66AD8C31090FD704 /* Pods-CameraApplicationExamples.debug.xcconfig */ = {isa = PBXFileReference; includeInIndex = 1; lastKnownFileType = text.xcconfig; name = "Pods-CameraApplicationExamples.debug.xcconfig"; path = "Pods/Target Support Files/Pods-CameraApplicationExamples/Pods-CameraApplicationExamples.debug.xcconfig"; sourceTree = "<group>"; };
		C46A83C7109F9982BF9EA3ED /* Pods_CameraApplicationExamples.framework */ = {isa = PBXFileReference; explicitFileType = wrapper.framework; includeInIndex = 0; path = Pods_CameraApplicationExamples.framework; sourceTree = BUILT_PRODUCTS_DIR; };
/* End PBXFileReference section */

/* Begin PBXFrameworksBuildPhase section */
		609793771EC4829300822EAB /* Frameworks */ = {
			isa = PBXFrameworksBuildPhase;
			buildActionMask = 2147483647;
			files = (
				EA9FF4531B6B65D6191E1290 /* Pods_CameraApplicationExamples.framework in Frameworks */,
			);
			runOnlyForDeploymentPostprocessing = 0;
		};
/* End PBXFrameworksBuildPhase section */

/* Begin PBXGroup section */
		2B7E823EB2C15BC80B4DB43D /* Frameworks */ = {
			isa = PBXGroup;
			children = (
				C46A83C7109F9982BF9EA3ED /* Pods_CameraApplicationExamples.framework */,
			);
			name = Frameworks;
			sourceTree = "<group>";
		};
		558A6207CBC516304BB38B17 /* Pods */ = {
			isa = PBXGroup;
			children = (
				845822DC66AD8C31090FD704 /* Pods-CameraApplicationExamples.debug.xcconfig */,
				75450B8CDD1DAA3174A93675 /* Pods-CameraApplicationExamples.release.xcconfig */,
			);
			name = Pods;
			sourceTree = "<group>";
		};
		609793711EC4829300822EAB = {
			isa = PBXGroup;
			children = (
				6097937C1EC4829300822EAB /* CameraApplicationExamples */,
				6097937B1EC4829300822EAB /* Products */,
				558A6207CBC516304BB38B17 /* Pods */,
				2B7E823EB2C15BC80B4DB43D /* Frameworks */,
			);
			sourceTree = "<group>";
		};
		6097937B1EC4829300822EAB /* Products */ = {
			isa = PBXGroup;
			children = (
				6097937A1EC4829300822EAB /* CameraApplicationExamples.app */,
			);
			name = Products;
			sourceTree = "<group>";
		};
		6097937C1EC4829300822EAB /* CameraApplicationExamples */ = {
			isa = PBXGroup;
			children = (
				6097937D1EC4829300822EAB /* AppDelegate.swift */,
				6097937F1EC4829300822EAB /* ViewController.swift */,
				609793811EC4829300822EAB /* Main.storyboard */,
				609793841EC4829300822EAB /* Assets.xcassets */,
				609793861EC4829300822EAB /* LaunchScreen.storyboard */,
				609793891EC4829300822EAB /* Info.plist */,
			);
			path = CameraApplicationExamples;
			sourceTree = "<group>";
		};
/* End PBXGroup section */

/* Begin PBXNativeTarget section */
		609793791EC4829300822EAB /* CameraApplicationExamples */ = {
			isa = PBXNativeTarget;
			buildConfigurationList = 6097938C1EC4829300822EAB /* Build configuration list for PBXNativeTarget "CameraApplicationExamples" */;
			buildPhases = (
				4D62DA9F2EA1DEDD0E0494E5 /* [CP] Check Pods Manifest.lock */,
				609793761EC4829300822EAB /* Sources */,
				609793771EC4829300822EAB /* Frameworks */,
				609793781EC4829300822EAB /* Resources */,
				A053E75A3064CC6BE9025F80 /* [CP] Embed Pods Frameworks */,
				2FC59A2D517540874C74C6C9 /* [CP] Copy Pods Resources */,
			);
			buildRules = (
			);
			dependencies = (
			);
			name = CameraApplicationExamples;
			productName = CameraApplicationExamples;
			productReference = 6097937A1EC4829300822EAB /* CameraApplicationExamples.app */;
			productType = "com.apple.product-type.application";
		};
/* End PBXNativeTarget section */

/* Begin PBXProject section */
		609793721EC4829300822EAB /* Project object */ = {
			isa = PBXProject;
			attributes = {
				LastSwiftUpdateCheck = 0830;
				LastUpgradeCheck = 0830;
				ORGANIZATIONNAME = yasin;
				TargetAttributes = {
					609793791EC4829300822EAB = {
						CreatedOnToolsVersion = 8.3.2;
						DevelopmentTeam = B7XPPM3J8G;
						ProvisioningStyle = Automatic;
					};
				};
			};
			buildConfigurationList = 609793751EC4829300822EAB /* Build configuration list for PBXProject "CameraApplicationExamples" */;
			compatibilityVersion = "Xcode 3.2";
			developmentRegion = English;
			hasScannedForEncodings = 0;
			knownRegions = (
				en,
				Base,
			);
			mainGroup = 609793711EC4829300822EAB;
			productRefGroup = 6097937B1EC4829300822EAB /* Products */;
			projectDirPath = "";
			projectRoot = "";
			targets = (
				609793791EC4829300822EAB /* CameraApplicationExamples */,
			);
		};
/* End PBXProject section */

/* Begin PBXResourcesBuildPhase section */
		609793781EC4829300822EAB /* Resources */ = {
			isa = PBXResourcesBuildPhase;
			buildActionMask = 2147483647;
			files = (
				609793881EC4829300822EAB /* LaunchScreen.storyboard in Resources */,
				609793851EC4829300822EAB /* Assets.xcassets in Resources */,
				609793831EC4829300822EAB /* Main.storyboard in Resources */,
			);
			runOnlyForDeploymentPostprocessing = 0;
		};
/* End PBXResourcesBuildPhase section */

/* Begin PBXShellScriptBuildPhase section */
		2FC59A2D517540874C74C6C9 /* [CP] Copy Pods Resources */ = {
			isa = PBXShellScriptBuildPhase;
			buildActionMask = 2147483647;
			files = (
			);
			inputPaths = (
			);
			name = "[CP] Copy Pods Resources";
			outputPaths = (
			);
			runOnlyForDeploymentPostprocessing = 0;
			shellPath = /bin/sh;
			shellScript = "\"${SRCROOT}/Pods/Target Support Files/Pods-CameraApplicationExamples/Pods-CameraApplicationExamples-resources.sh\"\n";
			showEnvVarsInLog = 0;
		};
		4D62DA9F2EA1DEDD0E0494E5 /* [CP] Check Pods Manifest.lock */ = {
			isa = PBXShellScriptBuildPhase;
			buildActionMask = 2147483647;
			files = (
			);
			inputPaths = (
			);
			name = "[CP] Check Pods Manifest.lock";
			outputPaths = (
			);
			runOnlyForDeploymentPostprocessing = 0;
			shellPath = /bin/sh;
			shellScript = "diff \"${PODS_PODFILE_DIR_PATH}/Podfile.lock\" \"${PODS_ROOT}/Manifest.lock\" > /dev/null\nif [ $? != 0 ] ; then\n    # print error to STDERR\n    echo \"error: The sandbox is not in sync with the Podfile.lock. Run 'pod install' or update your CocoaPods installation.\" >&2\n    exit 1\nfi\n";
			showEnvVarsInLog = 0;
		};
		A053E75A3064CC6BE9025F80 /* [CP] Embed Pods Frameworks */ = {
			isa = PBXShellScriptBuildPhase;
			buildActionMask = 2147483647;
			files = (
			);
			inputPaths = (
			);
			name = "[CP] Embed Pods Frameworks";
			outputPaths = (
			);
			runOnlyForDeploymentPostprocessing = 0;
			shellPath = /bin/sh;
			shellScript = "\"${SRCROOT}/Pods/Target Support Files/Pods-CameraApplicationExamples/Pods-CameraApplicationExamples-frameworks.sh\"\n";
			showEnvVarsInLog = 0;
		};
/* End PBXShellScriptBuildPhase section */

/* Begin PBXSourcesBuildPhase section */
		609793761EC4829300822EAB /* Sources */ = {
			isa = PBXSourcesBuildPhase;
			buildActionMask = 2147483647;
			files = (
				609793801EC4829300822EAB /* ViewController.swift in Sources */,
				6097937E1EC4829300822EAB /* AppDelegate.swift in Sources */,
			);
			runOnlyForDeploymentPostprocessing = 0;
		};
/* End PBXSourcesBuildPhase section */

/* Begin PBXVariantGroup section */
		609793811EC4829300822EAB /* Main.storyboard */ = {
			isa = PBXVariantGroup;
			children = (
				609793821EC4829300822EAB /* Base */,
			);
			name = Main.storyboard;
			sourceTree = "<group>";
		};
		609793861EC4829300822EAB /* LaunchScreen.storyboard */ = {
			isa = PBXVariantGroup;
			children = (
				609793871EC4829300822EAB /* Base */,
			);
			name = LaunchScreen.storyboard;
			sourceTree = "<group>";
		};
/* End PBXVariantGroup section */

/* Begin XCBuildConfiguration section */
		6097938A1EC4829300822EAB /* Debug */ = {
			isa = XCBuildConfiguration;
			buildSettings = {
				ALWAYS_SEARCH_USER_PATHS = NO;
				CLANG_ANALYZER_NONNULL = YES;
				CLANG_ANALYZER_NUMBER_OBJECT_CONVERSION = YES_AGGRESSIVE;
				CLANG_CXX_LANGUAGE_STANDARD = "gnu++0x";
				CLANG_CXX_LIBRARY = "libc++";
				CLANG_ENABLE_MODULES = YES;
				CLANG_ENABLE_OBJC_ARC = YES;
				CLANG_WARN_BOOL_CONVERSION = YES;
				CLANG_WARN_CONSTANT_CONVERSION = YES;
				CLANG_WARN_DIRECT_OBJC_ISA_USAGE = YES_ERROR;
				CLANG_WARN_DOCUMENTATION_COMMENTS = YES;
				CLANG_WARN_EMPTY_BODY = YES;
				CLANG_WARN_ENUM_CONVERSION = YES;
				CLANG_WARN_INFINITE_RECURSION = YES;
				CLANG_WARN_INT_CONVERSION = YES;
				CLANG_WARN_OBJC_ROOT_CLASS = YES_ERROR;
				CLANG_WARN_SUSPICIOUS_MOVE = YES;
				CLANG_WARN_UNREACHABLE_CODE = YES;
				CLANG_WARN__DUPLICATE_METHOD_MATCH = YES;
				"CODE_SIGN_IDENTITY[sdk=iphoneos*]" = "iPhone Developer";
				COPY_PHASE_STRIP = NO;
				DEBUG_INFORMATION_FORMAT = dwarf;
				ENABLE_STRICT_OBJC_MSGSEND = YES;
				ENABLE_TESTABILITY = YES;
				GCC_C_LANGUAGE_STANDARD = gnu99;
				GCC_DYNAMIC_NO_PIC = NO;
				GCC_NO_COMMON_BLOCKS = YES;
				GCC_OPTIMIZATION_LEVEL = 0;
				GCC_PREPROCESSOR_DEFINITIONS = (
					"DEBUG=1",
					"$(inherited)",
				);
				GCC_WARN_64_TO_32_BIT_CONVERSION = YES;
				GCC_WARN_ABOUT_RETURN_TYPE = YES_ERROR;
				GCC_WARN_UNDECLARED_SELECTOR = YES;
				GCC_WARN_UNINITIALIZED_AUTOS = YES_AGGRESSIVE;
				GCC_WARN_UNUSED_FUNCTION = YES;
				GCC_WARN_UNUSED_VARIABLE = YES;
				IPHONEOS_DEPLOYMENT_TARGET = 10.3;
				MTL_ENABLE_DEBUG_INFO = YES;
				ONLY_ACTIVE_ARCH = YES;
				SDKROOT = iphoneos;
				SWIFT_ACTIVE_COMPILATION_CONDITIONS = DEBUG;
				SWIFT_OPTIMIZATION_LEVEL = "-Onone";
				TARGETED_DEVICE_FAMILY = "1,2";
			};
			name = Debug;
		};
		6097938B1EC4829300822EAB /* Release */ = {
			isa = XCBuildConfiguration;
			buildSettings = {
				ALWAYS_SEARCH_USER_PATHS = NO;
				CLANG_ANALYZER_NONNULL = YES;
				CLANG_ANALYZER_NUMBER_OBJECT_CONVERSION = YES_AGGRESSIVE;
				CLANG_CXX_LANGUAGE_STANDARD = "gnu++0x";
				CLANG_CXX_LIBRARY = "libc++";
				CLANG_ENABLE_MODULES = YES;
				CLANG_ENABLE_OBJC_ARC = YES;
				CLANG_WARN_BOOL_CONVERSION = YES;
				CLANG_WARN_CONSTANT_CONVERSION = YES;
				CLANG_WARN_DIRECT_OBJC_ISA_USAGE = YES_ERROR;
				CLANG_WARN_DOCUMENTATION_COMMENTS = YES;
				CLANG_WARN_EMPTY_BODY = YES;
				CLANG_WARN_ENUM_CONVERSION = YES;
				CLANG_WARN_INFINITE_RECURSION = YES;
				CLANG_WARN_INT_CONVERSION = YES;
				CLANG_WARN_OBJC_ROOT_CLASS = YES_ERROR;
				CLANG_WARN_SUSPICIOUS_MOVE = YES;
				CLANG_WARN_UNREACHABLE_CODE = YES;
				CLANG_WARN__DUPLICATE_METHOD_MATCH = YES;
				"CODE_SIGN_IDENTITY[sdk=iphoneos*]" = "iPhone Developer";
				COPY_PHASE_STRIP = NO;
				DEBUG_INFORMATION_FORMAT = "dwarf-with-dsym";
				ENABLE_NS_ASSERTIONS = NO;
				ENABLE_STRICT_OBJC_MSGSEND = YES;
				GCC_C_LANGUAGE_STANDARD = gnu99;
				GCC_NO_COMMON_BLOCKS = YES;
				GCC_WARN_64_TO_32_BIT_CONVERSION = YES;
				GCC_WARN_ABOUT_RETURN_TYPE = YES_ERROR;
				GCC_WARN_UNDECLARED_SELECTOR = YES;
				GCC_WARN_UNINITIALIZED_AUTOS = YES_AGGRESSIVE;
				GCC_WARN_UNUSED_FUNCTION = YES;
				GCC_WARN_UNUSED_VARIABLE = YES;
				IPHONEOS_DEPLOYMENT_TARGET = 10.3;
				MTL_ENABLE_DEBUG_INFO = NO;
				SDKROOT = iphoneos;
				SWIFT_OPTIMIZATION_LEVEL = "-Owholemodule";
				TARGETED_DEVICE_FAMILY = "1,2";
				VALIDATE_PRODUCT = YES;
			};
			name = Release;
		};
		6097938D1EC4829300822EAB /* Debug */ = {
			isa = XCBuildConfiguration;
			baseConfigurationReference = 845822DC66AD8C31090FD704 /* Pods-CameraApplicationExamples.debug.xcconfig */;
			buildSettings = {
				ASSETCATALOG_COMPILER_APPICON_NAME = AppIcon;
				DEVELOPMENT_TEAM = B7XPPM3J8G;
				INFOPLIST_FILE = CameraApplicationExamples/Info.plist;
				LD_RUNPATH_SEARCH_PATHS = "$(inherited) @executable_path/Frameworks";
				PRODUCT_BUNDLE_IDENTIFIER = com.material.CameraApplicationExamples;
				PRODUCT_NAME = "$(TARGET_NAME)";
				SWIFT_VERSION = 3.0;
			};
			name = Debug;
		};
		6097938E1EC4829300822EAB /* Release */ = {
			isa = XCBuildConfiguration;
			baseConfigurationReference = 75450B8CDD1DAA3174A93675 /* Pods-CameraApplicationExamples.release.xcconfig */;
			buildSettings = {
				ASSETCATALOG_COMPILER_APPICON_NAME = AppIcon;
				DEVELOPMENT_TEAM = B7XPPM3J8G;
				INFOPLIST_FILE = CameraApplicationExamples/Info.plist;
				LD_RUNPATH_SEARCH_PATHS = "$(inherited) @executable_path/Frameworks";
				PRODUCT_BUNDLE_IDENTIFIER = com.material.CameraApplicationExamples;
				PRODUCT_NAME = "$(TARGET_NAME)";
				SWIFT_VERSION = 3.0;
			};
			name = Release;
		};
/* End XCBuildConfiguration section */

/* Begin XCConfigurationList section */
		609793751EC4829300822EAB /* Build configuration list for PBXProject "CameraApplicationExamples" */ = {
			isa = XCConfigurationList;
			buildConfigurations = (
				6097938A1EC4829300822EAB /* Debug */,
				6097938B1EC4829300822EAB /* Release */,
			);
			defaultConfigurationIsVisible = 0;
			defaultConfigurationName = Release;
		};
		6097938C1EC4829300822EAB /* Build configuration list for PBXNativeTarget "CameraApplicationExamples" */ = {
			isa = XCConfigurationList;
			buildConfigurations = (
				6097938D1EC4829300822EAB /* Debug */,
				6097938E1EC4829300822EAB /* Release */,
			);
			defaultConfigurationIsVisible = 0;
			defaultConfigurationName = Release;
		};
/* End XCConfigurationList section */
	};
	rootObject = 609793721EC4829300822EAB /* Project object */;
}
